# This file is generated by running "yarn install" inside your project.
# Manual changes might be lost - proceed with caution!

__metadata:
  version: 7
  cacheKey: 9

"@types/node@npm:^18.15.11":
  version: 18.15.11
  resolution: "@types/node@npm:18.15.11"
  checksum: 2ad6c7aeb0841a821d5f0556ccbc9c0cec597cb31b5fe58b085740983f6b01a21a3c62c37ca642dd92b5de8935d6084896634af19f1f022e8d173049ad258a60
  languageName: node
  linkType: hard

"dotenv@npm:^16.0.3":
  version: 16.0.3
  resolution: "dotenv@npm:16.0.3"
  checksum: abce82d99b45e2ebbd42625a78cadbfafe03072c15e6538b6a3a7ed204b6e091c0de929dd09231edc61f78afbdcd5b8a2f21b9e933e8ab27d75bee865a0e58c9
  languageName: node
  linkType: hard

"extract-sticky-notes@workspace:.":
  version: 0.0.0-use.local
  resolution: "extract-sticky-notes@workspace:."
  dependencies:
    "@types/node": "npm:^18.15.11"
    dotenv: "npm:^16.0.3"
    typescript: "npm:^5.0.4"
  languageName: unknown
  linkType: soft

"typescript@npm:^5.0.4":
  version: 5.0.4
  resolution: "typescript@npm:5.0.4"
  bin:
    tsc: bin/tsc
    tsserver: bin/tsserver
  checksum: 56649de784c427e8f3f63d4ebfcada4fcf03bb2a301f3327342111798db7f26f8a86285f979f376cf6cec4774bd96b4650f2693a07fc409f4544ad4c4d9fe4c9
  languageName: node
  linkType: hard

"typescript@patch:typescript@npm%3A^5.0.4#optional!builtin<compat/typescript>":
  version: 5.0.4
  resolution: "typescript@patch:typescript@npm%3A5.0.4#optional!builtin<compat/typescript>::version=5.0.4&hash=1f5320"
  bin:
    tsc: bin/tsc
    tsserver: bin/tsserver
  checksum: be94f10d96a8443e5524bce56705712ae1aa6c67618dd2c316ddb616ea614a3eb675c34e4af16ab09f1a0ab694173c704ba5b23d8b8bda31cb31c1ca078c486f
  languageName: node
  linkType: hard
